{
  "name": "travel-booking",
  "version": "1.0.0",
  "lockfileVersion": 1,
  "requires": true,
  "dependencies": {
    "lightpick": {
      "version": "1.6.2",
      "resolved": "https://registry.npmjs.org/lightpick/-/lightpick-1.6.2.tgz",
      "integrity": "sha512-xQmKL6pvtKnLGI8sOgclgc/k6G8FvyjdfQy4nOm0iywD44gkER0ia7SR9cthdUIkkcDBFNHH8SfbPQJ33QF8fQ==",
      "requires": {
        "moment": "^2.22.2"
      }
    },
    "moment": {
      "version": "2.29.1",
      "resolved": "https://registry.npmjs.org/moment/-/moment-2.29.1.tgz",
      "integrity": "sha512-kHmoybcPV8Sqy59DwNDY3Jefr64lK/by/da0ViFcuA4DH0vQg5Q6Ze5VimxkfQNSC+Mls/Kx53s7TjP1RhFEDQ=="
    }
  }
}
