{
  "name": "travel-booking",
  "version": "1.0.0",
  "lockfileVersion": 1,
  "requires": true,
  "dependencies": {
    "litepicker": {
      "version": "2.0.12",
      "resolved": "https://registry.npmjs.org/litepicker/-/litepicker-2.0.12.tgz",
      "integrity": "sha512-1N0sZJca/eALvS1hbJsVqKXwJAmp0BsJn73kZKWGGLjZkvjKr7HXGPV+/shu60aEY/JXoOg2XUmo7hbdIOsFpQ=="
    },
    "moment": {
      "version": "2.29.1",
      "resolved": "https://registry.npmjs.org/moment/-/moment-2.29.1.tgz",
      "integrity": "sha512-kHmoybcPV8Sqy59DwNDY3Jefr64lK/by/da0ViFcuA4DH0vQg5Q6Ze5VimxkfQNSC+Mls/Kx53s7TjP1RhFEDQ=="
    }
  }
}
